
Microsoft Visual Studio Solution File, Format Version 12.00
# Visual Studio 15
VisualStudioVersion = 15.0.28010.2041
MinimumVisualStudioVersion = 10.0.40219.1
Project("{FAE04EC0-301F-11D3-BF4B-00C04F79EFBC}") = "Elene de Troya", "Elene de Troya\Elene de Troya.csproj", "{9E6102F4-B1AC-4538-8E4F-DD88F5AC65FD}"
EndProject
Global
	GlobalSection(SolutionConfigurationPlatforms) = preSolution
		Debug|Any CPU = Debug|Any CPU
		Release|Any CPU = Release|Any CPU
	EndGlobalSection
	GlobalSection(ProjectConfigurationPlatforms) = postSolution
		{9E6102F4-B1AC-4538-8E4F-DD88F5AC65FD}.Debug|Any CPU.ActiveCfg = Debug|Any CPU
		{9E6102F4-B1AC-4538-8E4F-DD88F5AC65FD}.Debug|Any CPU.Build.0 = Debug|Any CPU
		{9E6102F4-B1AC-4538-8E4F-DD88F5AC65FD}.Release|Any CPU.ActiveCfg = Release|Any CPU
		{9E6102F4-B1AC-4538-8E4F-DD88F5AC65FD}.Release|Any CPU.Build.0 = Release|Any CPU
	EndGlobalSection
	GlobalSection(SolutionProperties) = preSolution
		HideSolutionNode = FALSE
	EndGlobalSection
	GlobalSection(ExtensibilityGlobals) = postSolution
		SolutionGuid = {23930328-FF18-4E39-9235-1DCAE8019F33}
	EndGlobalSection
EndGlobal
